
Microsoft Visual Studio Solution File, Format Version 12.00
# Visual Studio Version 16
VisualStudioVersion = 16.0.28714.193
MinimumVisualStudioVersion = 10.0.40219.1
Project("{9A19103F-16F7-4668-BE54-9A1E7A4F7556}") = "Inputshare", "InputshareProject\Inputshare.csproj", "{9DE5F5F2-4EA0-4C48-BE17-D9AEF0F32E0A}"
EndProject
Project("{9A19103F-16F7-4668-BE54-9A1E7A4F7556}") = "InputshareLib", "InputshareLib\InputshareLib.csproj", "{7EA83834-0959-47AB-8A87-E389B974FEEC}"
EndProject
Project("{9A19103F-16F7-4668-BE54-9A1E7A4F7556}") = "InputshareService", "InputshareService\InputshareService.csproj", "{9D834AE0-5472-4986-92CC-F6A64007995C}"
EndProject
Project("{9A19103F-16F7-4668-BE54-9A1E7A4F7556}") = "InputshareSP", "InputshareSP\InputshareSP.csproj", "{9F661D7B-2E7B-4689-B93D-52E289A85F24}"
EndProject
Project("{FAE04EC0-301F-11D3-BF4B-00C04F79EFBC}") = "FormDesigner", "FormDesigner\FormDesigner\FormDesigner.csproj", "{33F4A05D-40B2-433F-952E-CD5AF2873917}"
EndProject
Global
	GlobalSection(SolutionConfigurationPlatforms) = preSolution
		Debug|Any CPU = Debug|Any CPU
		Debug|ARM = Debug|ARM
		Debug|ARM64 = Debug|ARM64
		Debug|x64 = Debug|x64
		Debug|x86 = Debug|x86
		Release|Any CPU = Release|Any CPU
		Release|ARM = Release|ARM
		Release|ARM64 = Release|ARM64
		Release|x64 = Release|x64
		Release|x86 = Release|x86
	EndGlobalSection
	GlobalSection(ProjectConfigurationPlatforms) = postSolution
		{9DE5F5F2-4EA0-4C48-BE17-D9AEF0F32E0A}.Debug|Any CPU.ActiveCfg = Debug|Any CPU
		{9DE5F5F2-4EA0-4C48-BE17-D9AEF0F32E0A}.Debug|Any CPU.Build.0 = Debug|Any CPU
		{9DE5F5F2-4EA0-4C48-BE17-D9AEF0F32E0A}.Debug|ARM.ActiveCfg = Debug|Any CPU
		{9DE5F5F2-4EA0-4C48-BE17-D9AEF0F32E0A}.Debug|ARM.Build.0 = Debug|Any CPU
		{9DE5F5F2-4EA0-4C48-BE17-D9AEF0F32E0A}.Debug|ARM64.ActiveCfg = Debug|Any CPU
		{9DE5F5F2-4EA0-4C48-BE17-D9AEF0F32E0A}.Debug|ARM64.Build.0 = Debug|Any CPU
		{9DE5F5F2-4EA0-4C48-BE17-D9AEF0F32E0A}.Debug|x64.ActiveCfg = Debug|x64
		{9DE5F5F2-4EA0-4C48-BE17-D9AEF0F32E0A}.Debug|x64.Build.0 = Debug|x64
		{9DE5F5F2-4EA0-4C48-BE17-D9AEF0F32E0A}.Debug|x86.ActiveCfg = Debug|x86
		{9DE5F5F2-4EA0-4C48-BE17-D9AEF0F32E0A}.Debug|x86.Build.0 = Debug|x86
		{9DE5F5F2-4EA0-4C48-BE17-D9AEF0F32E0A}.Release|Any CPU.ActiveCfg = Release|Any CPU
		{9DE5F5F2-4EA0-4C48-BE17-D9AEF0F32E0A}.Release|Any CPU.Build.0 = Release|Any CPU
		{9DE5F5F2-4EA0-4C48-BE17-D9AEF0F32E0A}.Release|ARM.ActiveCfg = Release|Any CPU
		{9DE5F5F2-4EA0-4C48-BE17-D9AEF0F32E0A}.Release|ARM.Build.0 = Release|Any CPU
		{9DE5F5F2-4EA0-4C48-BE17-D9AEF0F32E0A}.Release|ARM64.ActiveCfg = Release|Any CPU
		{9DE5F5F2-4EA0-4C48-BE17-D9AEF0F32E0A}.Release|ARM64.Build.0 = Release|Any CPU
		{9DE5F5F2-4EA0-4C48-BE17-D9AEF0F32E0A}.Release|x64.ActiveCfg = Release|x64
		{9DE5F5F2-4EA0-4C48-BE17-D9AEF0F32E0A}.Release|x64.Build.0 = Release|x64
		{9DE5F5F2-4EA0-4C48-BE17-D9AEF0F32E0A}.Release|x86.ActiveCfg = Release|x86
		{9DE5F5F2-4EA0-4C48-BE17-D9AEF0F32E0A}.Release|x86.Build.0 = Release|x86
		{7EA83834-0959-47AB-8A87-E389B974FEEC}.Debug|Any CPU.ActiveCfg = Debug|Any CPU
		{7EA83834-0959-47AB-8A87-E389B974FEEC}.Debug|Any CPU.Build.0 = Debug|Any CPU
		{7EA83834-0959-47AB-8A87-E389B974FEEC}.Debug|ARM.ActiveCfg = Debug|Any CPU
		{7EA83834-0959-47AB-8A87-E389B974FEEC}.Debug|ARM.Build.0 = Debug|Any CPU
		{7EA83834-0959-47AB-8A87-E389B974FEEC}.Debug|ARM64.ActiveCfg = Debug|Any CPU
		{7EA83834-0959-47AB-8A87-E389B974FEEC}.Debug|ARM64.Build.0 = Debug|Any CPU
		{7EA83834-0959-47AB-8A87-E389B974FEEC}.Debug|x64.ActiveCfg = Debug|x64
		{7EA83834-0959-47AB-8A87-E389B974FEEC}.Debug|x64.Build.0 = Debug|x64
		{7EA83834-0959-47AB-8A87-E389B974FEEC}.Debug|x86.ActiveCfg = Debug|x86
		{7EA83834-0959-47AB-8A87-E389B974FEEC}.Debug|x86.Build.0 = Debug|x86
		{7EA83834-0959-47AB-8A87-E389B974FEEC}.Release|Any CPU.ActiveCfg = Release|Any CPU
		{7EA83834-0959-47AB-8A87-E389B974FEEC}.Release|Any CPU.Build.0 = Release|Any CPU
		{7EA83834-0959-47AB-8A87-E389B974FEEC}.Release|ARM.ActiveCfg = Release|Any CPU
		{7EA83834-0959-47AB-8A87-E389B974FEEC}.Release|ARM.Build.0 = Release|Any CPU
		{7EA83834-0959-47AB-8A87-E389B974FEEC}.Release|ARM64.ActiveCfg = Release|Any CPU
		{7EA83834-0959-47AB-8A87-E389B974FEEC}.Release|ARM64.Build.0 = Release|Any CPU
		{7EA83834-0959-47AB-8A87-E389B974FEEC}.Release|x64.ActiveCfg = Release|x64
		{7EA83834-0959-47AB-8A87-E389B974FEEC}.Release|x64.Build.0 = Release|x64
		{7EA83834-0959-47AB-8A87-E389B974FEEC}.Release|x86.ActiveCfg = Release|x86
		{7EA83834-0959-47AB-8A87-E389B974FEEC}.Release|x86.Build.0 = Release|x86
		{9D834AE0-5472-4986-92CC-F6A64007995C}.Debug|Any CPU.ActiveCfg = Debug|Any CPU
		{9D834AE0-5472-4986-92CC-F6A64007995C}.Debug|Any CPU.Build.0 = Debug|Any CPU
		{9D834AE0-5472-4986-92CC-F6A64007995C}.Debug|ARM.ActiveCfg = Debug|Any CPU
		{9D834AE0-5472-4986-92CC-F6A64007995C}.Debug|ARM.Build.0 = Debug|Any CPU
		{9D834AE0-5472-4986-92CC-F6A64007995C}.Debug|ARM64.ActiveCfg = Debug|Any CPU
		{9D834AE0-5472-4986-92CC-F6A64007995C}.Debug|ARM64.Build.0 = Debug|Any CPU
		{9D834AE0-5472-4986-92CC-F6A64007995C}.Debug|x64.ActiveCfg = Debug|x64
		{9D834AE0-5472-4986-92CC-F6A64007995C}.Debug|x64.Build.0 = Debug|x64
		{9D834AE0-5472-4986-92CC-F6A64007995C}.Debug|x86.ActiveCfg = Debug|Any CPU
		{9D834AE0-5472-4986-92CC-F6A64007995C}.Debug|x86.Build.0 = Debug|Any CPU
		{9D834AE0-5472-4986-92CC-F6A64007995C}.Release|Any CPU.ActiveCfg = Release|Any CPU
		{9D834AE0-5472-4986-92CC-F6A64007995C}.Release|Any CPU.Build.0 = Release|Any CPU
		{9D834AE0-5472-4986-92CC-F6A64007995C}.Release|ARM.ActiveCfg = Release|Any CPU
		{9D834AE0-5472-4986-92CC-F6A64007995C}.Release|ARM.Build.0 = Release|Any CPU
		{9D834AE0-5472-4986-92CC-F6A64007995C}.Release|ARM64.ActiveCfg = Release|Any CPU
		{9D834AE0-5472-4986-92CC-F6A64007995C}.Release|ARM64.Build.0 = Release|Any CPU
		{9D834AE0-5472-4986-92CC-F6A64007995C}.Release|x64.ActiveCfg = Release|Any CPU
		{9D834AE0-5472-4986-92CC-F6A64007995C}.Release|x64.Build.0 = Release|Any CPU
		{9D834AE0-5472-4986-92CC-F6A64007995C}.Release|x86.ActiveCfg = Release|x86
		{9D834AE0-5472-4986-92CC-F6A64007995C}.Release|x86.Build.0 = Release|x86
		{9F661D7B-2E7B-4689-B93D-52E289A85F24}.Debug|Any CPU.ActiveCfg = Debug|Any CPU
		{9F661D7B-2E7B-4689-B93D-52E289A85F24}.Debug|Any CPU.Build.0 = Debug|Any CPU
		{9F661D7B-2E7B-4689-B93D-52E289A85F24}.Debug|ARM.ActiveCfg = Debug|Any CPU
		{9F661D7B-2E7B-4689-B93D-52E289A85F24}.Debug|ARM.Build.0 = Debug|Any CPU
		{9F661D7B-2E7B-4689-B93D-52E289A85F24}.Debug|ARM64.ActiveCfg = Debug|Any CPU
		{9F661D7B-2E7B-4689-B93D-52E289A85F24}.Debug|ARM64.Build.0 = Debug|Any CPU
		{9F661D7B-2E7B-4689-B93D-52E289A85F24}.Debug|x64.ActiveCfg = Debug|x64
		{9F661D7B-2E7B-4689-B93D-52E289A85F24}.Debug|x64.Build.0 = Debug|x64
		{9F661D7B-2E7B-4689-B93D-52E289A85F24}.Debug|x86.ActiveCfg = Debug|Any CPU
		{9F661D7B-2E7B-4689-B93D-52E289A85F24}.Debug|x86.Build.0 = Debug|Any CPU
		{9F661D7B-2E7B-4689-B93D-52E289A85F24}.Release|Any CPU.ActiveCfg = Release|Any CPU
		{9F661D7B-2E7B-4689-B93D-52E289A85F24}.Release|Any CPU.Build.0 = Release|Any CPU
		{9F661D7B-2E7B-4689-B93D-52E289A85F24}.Release|ARM.ActiveCfg = Release|Any CPU
		{9F661D7B-2E7B-4689-B93D-52E289A85F24}.Release|ARM.Build.0 = Release|Any CPU
		{9F661D7B-2E7B-4689-B93D-52E289A85F24}.Release|ARM64.ActiveCfg = Release|Any CPU
		{9F661D7B-2E7B-4689-B93D-52E289A85F24}.Release|ARM64.Build.0 = Release|Any CPU
		{9F661D7B-2E7B-4689-B93D-52E289A85F24}.Release|x64.ActiveCfg = Release|Any CPU
		{9F661D7B-2E7B-4689-B93D-52E289A85F24}.Release|x64.Build.0 = Release|Any CPU
		{9F661D7B-2E7B-4689-B93D-52E289A85F24}.Release|x86.ActiveCfg = Release|x86
		{9F661D7B-2E7B-4689-B93D-52E289A85F24}.Release|x86.Build.0 = Release|x86
		{33F4A05D-40B2-433F-952E-CD5AF2873917}.Debug|Any CPU.ActiveCfg = Debug|Any CPU
		{33F4A05D-40B2-433F-952E-CD5AF2873917}.Debug|ARM.ActiveCfg = Debug|Any CPU
		{33F4A05D-40B2-433F-952E-CD5AF2873917}.Debug|ARM.Build.0 = Debug|Any CPU
		{33F4A05D-40B2-433F-952E-CD5AF2873917}.Debug|ARM64.ActiveCfg = Debug|Any CPU
		{33F4A05D-40B2-433F-952E-CD5AF2873917}.Debug|ARM64.Build.0 = Debug|Any CPU
		{33F4A05D-40B2-433F-952E-CD5AF2873917}.Debug|x64.ActiveCfg = Debug|Any CPU
		{33F4A05D-40B2-433F-952E-CD5AF2873917}.Debug|x86.ActiveCfg = Debug|Any CPU
		{33F4A05D-40B2-433F-952E-CD5AF2873917}.Release|Any CPU.ActiveCfg = Release|Any CPU
		{33F4A05D-40B2-433F-952E-CD5AF2873917}.Release|ARM.ActiveCfg = Release|Any CPU
		{33F4A05D-40B2-433F-952E-CD5AF2873917}.Release|ARM.Build.0 = Release|Any CPU
		{33F4A05D-40B2-433F-952E-CD5AF2873917}.Release|ARM64.ActiveCfg = Release|Any CPU
		{33F4A05D-40B2-433F-952E-CD5AF2873917}.Release|ARM64.Build.0 = Release|Any CPU
		{33F4A05D-40B2-433F-952E-CD5AF2873917}.Release|x64.ActiveCfg = Release|Any CPU
		{33F4A05D-40B2-433F-952E-CD5AF2873917}.Release|x64.Build.0 = Release|Any CPU
		{33F4A05D-40B2-433F-952E-CD5AF2873917}.Release|x86.ActiveCfg = Release|Any CPU
	EndGlobalSection
	GlobalSection(SolutionProperties) = preSolution
		HideSolutionNode = FALSE
	EndGlobalSection
	GlobalSection(ExtensibilityGlobals) = postSolution
		SolutionGuid = {E093B587-6352-4718-8293-77119818E52F}
	EndGlobalSection
EndGlobal
